
Microsoft Visual Studio Solution File, Format Version 12.00
Project("{FAE04EC0-301F-11D3-BF4B-00C04F79EFBC}") = "MenuApp.PaymentService", "MenuApp.PaymentService\MenuApp.PaymentService.csproj", "{C38C1996-6F5A-45FA-AF4B-BD6A7640DCB4}"
EndProject
Project("{FAE04EC0-301F-11D3-BF4B-00C04F79EFBC}") = "MenuApp.PaymentService.EntityFramework", "MenuApp.PaymentService.EntityFramework\MenuApp.PaymentService.EntityFramework.csproj", "{12D053D7-35DA-444E-89BE-B1D6BF5004DB}"
EndProject
Project("{FAE04EC0-301F-11D3-BF4B-00C04F79EFBC}") = "MenuApp.PaymentService.Logic", "MenuApp.PaymentService.Logic\MenuApp.PaymentService.Logic.csproj", "{DD5E6496-969A-4712-95FB-A8AE68806424}"
EndProject
Global
	GlobalSection(SolutionConfigurationPlatforms) = preSolution
		Debug|Any CPU = Debug|Any CPU
		Release|Any CPU = Release|Any CPU
	EndGlobalSection
	GlobalSection(ProjectConfigurationPlatforms) = postSolution
		{C38C1996-6F5A-45FA-AF4B-BD6A7640DCB4}.Debug|Any CPU.ActiveCfg = Debug|Any CPU
		{C38C1996-6F5A-45FA-AF4B-BD6A7640DCB4}.Debug|Any CPU.Build.0 = Debug|Any CPU
		{C38C1996-6F5A-45FA-AF4B-BD6A7640DCB4}.Release|Any CPU.ActiveCfg = Release|Any CPU
		{C38C1996-6F5A-45FA-AF4B-BD6A7640DCB4}.Release|Any CPU.Build.0 = Release|Any CPU
		{12D053D7-35DA-444E-89BE-B1D6BF5004DB}.Debug|Any CPU.ActiveCfg = Debug|Any CPU
		{12D053D7-35DA-444E-89BE-B1D6BF5004DB}.Debug|Any CPU.Build.0 = Debug|Any CPU
		{12D053D7-35DA-444E-89BE-B1D6BF5004DB}.Release|Any CPU.ActiveCfg = Release|Any CPU
		{12D053D7-35DA-444E-89BE-B1D6BF5004DB}.Release|Any CPU.Build.0 = Release|Any CPU
		{DD5E6496-969A-4712-95FB-A8AE68806424}.Debug|Any CPU.ActiveCfg = Debug|Any CPU
		{DD5E6496-969A-4712-95FB-A8AE68806424}.Debug|Any CPU.Build.0 = Debug|Any CPU
		{DD5E6496-969A-4712-95FB-A8AE68806424}.Release|Any CPU.ActiveCfg = Release|Any CPU
		{DD5E6496-969A-4712-95FB-A8AE68806424}.Release|Any CPU.Build.0 = Release|Any CPU
	EndGlobalSection
EndGlobal
